
Microsoft Visual Studio Solution File, Format Version 12.00
# Visual Studio 2013
VisualStudioVersion = 12.0.40629.0
MinimumVisualStudioVersion = 10.0.40219.1
Project("{FAE04EC0-301F-11D3-BF4B-00C04F79EFBC}") = "SpreadsheetUtilities", "SpreadsheetUtilities\SpreadsheetUtilities.csproj", "{7DBC49A2-C314-4BD0-8F76-BDD8769529A0}"
EndProject
Project("{FAE04EC0-301F-11D3-BF4B-00C04F79EFBC}") = "UnitTestProject1", "UnitTestProject1\UnitTestProject1.csproj", "{A16729EF-D8FA-47D7-8ADE-68AEBCF87C9A}"
EndProject
Project("{FAE04EC0-301F-11D3-BF4B-00C04F79EFBC}") = "UnitTest", "UnitTest\UnitTest.csproj", "{74352DDC-2B46-4F17-8008-971F383CA090}"
EndProject
Global
	GlobalSection(SolutionConfigurationPlatforms) = preSolution
		Debug|Any CPU = Debug|Any CPU
		Release|Any CPU = Release|Any CPU
	EndGlobalSection
	GlobalSection(ProjectConfigurationPlatforms) = postSolution
		{7DBC49A2-C314-4BD0-8F76-BDD8769529A0}.Debug|Any CPU.ActiveCfg = Debug|Any CPU
		{7DBC49A2-C314-4BD0-8F76-BDD8769529A0}.Debug|Any CPU.Build.0 = Debug|Any CPU
		{7DBC49A2-C314-4BD0-8F76-BDD8769529A0}.Release|Any CPU.ActiveCfg = Release|Any CPU
		{7DBC49A2-C314-4BD0-8F76-BDD8769529A0}.Release|Any CPU.Build.0 = Release|Any CPU
		{A16729EF-D8FA-47D7-8ADE-68AEBCF87C9A}.Debug|Any CPU.ActiveCfg = Debug|Any CPU
		{A16729EF-D8FA-47D7-8ADE-68AEBCF87C9A}.Debug|Any CPU.Build.0 = Debug|Any CPU
		{A16729EF-D8FA-47D7-8ADE-68AEBCF87C9A}.Release|Any CPU.ActiveCfg = Release|Any CPU
		{A16729EF-D8FA-47D7-8ADE-68AEBCF87C9A}.Release|Any CPU.Build.0 = Release|Any CPU
		{74352DDC-2B46-4F17-8008-971F383CA090}.Debug|Any CPU.ActiveCfg = Debug|Any CPU
		{74352DDC-2B46-4F17-8008-971F383CA090}.Debug|Any CPU.Build.0 = Debug|Any CPU
		{74352DDC-2B46-4F17-8008-971F383CA090}.Release|Any CPU.ActiveCfg = Release|Any CPU
		{74352DDC-2B46-4F17-8008-971F383CA090}.Release|Any CPU.Build.0 = Release|Any CPU
	EndGlobalSection
	GlobalSection(SolutionProperties) = preSolution
		HideSolutionNode = FALSE
	EndGlobalSection
EndGlobal
