
Microsoft Visual Studio Solution File, Format Version 12.00
# Visual Studio 14
VisualStudioVersion = 14.0.23107.0
MinimumVisualStudioVersion = 10.0.40219.1
Project("{FAE04EC0-301F-11D3-BF4B-00C04F79EFBC}") = "Formula", "Formula\Formula.csproj", "{E6794A1C-425E-472C-9362-D7F4C7B0A239}"
EndProject
Project("{FAE04EC0-301F-11D3-BF4B-00C04F79EFBC}") = "ConsoleApplication1", "ConsoleApplication1\ConsoleApplication1.csproj", "{4BD5C3EE-14FB-4675-B6D7-A94A98E2DBE8}"
EndProject
Project("{FAE04EC0-301F-11D3-BF4B-00C04F79EFBC}") = "UnitTestProject1", "UnitTestProject1\UnitTestProject1.csproj", "{6E5D1A12-3160-4796-8D8E-E6729BF9AE0B}"
EndProject
Project("{FAE04EC0-301F-11D3-BF4B-00C04F79EFBC}") = "UnitTestProject2", "UnitTestProject2\UnitTestProject2.csproj", "{C6A653D7-3E55-4611-B869-EAAF58F5BB09}"
EndProject
Project("{FAE04EC0-301F-11D3-BF4B-00C04F79EFBC}") = "UnitTestProject3", "UnitTestProject3\UnitTestProject3.csproj", "{225E810E-D922-44C8-895D-E9B569CB8E18}"
EndProject
Global
	GlobalSection(SolutionConfigurationPlatforms) = preSolution
		Debug|Any CPU = Debug|Any CPU
		Release|Any CPU = Release|Any CPU
	EndGlobalSection
	GlobalSection(ProjectConfigurationPlatforms) = postSolution
		{E6794A1C-425E-472C-9362-D7F4C7B0A239}.Debug|Any CPU.ActiveCfg = Debug|Any CPU
		{E6794A1C-425E-472C-9362-D7F4C7B0A239}.Debug|Any CPU.Build.0 = Debug|Any CPU
		{E6794A1C-425E-472C-9362-D7F4C7B0A239}.Release|Any CPU.ActiveCfg = Release|Any CPU
		{E6794A1C-425E-472C-9362-D7F4C7B0A239}.Release|Any CPU.Build.0 = Release|Any CPU
		{4BD5C3EE-14FB-4675-B6D7-A94A98E2DBE8}.Debug|Any CPU.ActiveCfg = Debug|Any CPU
		{4BD5C3EE-14FB-4675-B6D7-A94A98E2DBE8}.Debug|Any CPU.Build.0 = Debug|Any CPU
		{4BD5C3EE-14FB-4675-B6D7-A94A98E2DBE8}.Release|Any CPU.ActiveCfg = Release|Any CPU
		{4BD5C3EE-14FB-4675-B6D7-A94A98E2DBE8}.Release|Any CPU.Build.0 = Release|Any CPU
		{6E5D1A12-3160-4796-8D8E-E6729BF9AE0B}.Debug|Any CPU.ActiveCfg = Debug|Any CPU
		{6E5D1A12-3160-4796-8D8E-E6729BF9AE0B}.Debug|Any CPU.Build.0 = Debug|Any CPU
		{6E5D1A12-3160-4796-8D8E-E6729BF9AE0B}.Release|Any CPU.ActiveCfg = Release|Any CPU
		{6E5D1A12-3160-4796-8D8E-E6729BF9AE0B}.Release|Any CPU.Build.0 = Release|Any CPU
		{C6A653D7-3E55-4611-B869-EAAF58F5BB09}.Debug|Any CPU.ActiveCfg = Debug|Any CPU
		{C6A653D7-3E55-4611-B869-EAAF58F5BB09}.Debug|Any CPU.Build.0 = Debug|Any CPU
		{C6A653D7-3E55-4611-B869-EAAF58F5BB09}.Release|Any CPU.ActiveCfg = Release|Any CPU
		{C6A653D7-3E55-4611-B869-EAAF58F5BB09}.Release|Any CPU.Build.0 = Release|Any CPU
		{225E810E-D922-44C8-895D-E9B569CB8E18}.Debug|Any CPU.ActiveCfg = Debug|Any CPU
		{225E810E-D922-44C8-895D-E9B569CB8E18}.Debug|Any CPU.Build.0 = Debug|Any CPU
		{225E810E-D922-44C8-895D-E9B569CB8E18}.Release|Any CPU.ActiveCfg = Release|Any CPU
		{225E810E-D922-44C8-895D-E9B569CB8E18}.Release|Any CPU.Build.0 = Release|Any CPU
	EndGlobalSection
	GlobalSection(SolutionProperties) = preSolution
		HideSolutionNode = FALSE
	EndGlobalSection
EndGlobal
